
Microsoft Visual Studio Solution File, Format Version 12.00
# Visual Studio Version 17
VisualStudioVersion = 17.9.34728.123
MinimumVisualStudioVersion = 10.0.40219.1
Project("{FAE04EC0-301F-11D3-BF4B-00C04F79EFBC}") = "ruchi_assignment1_updated", "ruchi_assignment1_updated\ruchi_assignment1_updated.csproj", "{6EA150F1-F27F-4FC3-AED9-6CD268406C7D}"
EndProject
Global
	GlobalSection(SolutionConfigurationPlatforms) = preSolution
		Debug|Any CPU = Debug|Any CPU
		Release|Any CPU = Release|Any CPU
	EndGlobalSection
	GlobalSection(ProjectConfigurationPlatforms) = postSolution
		{6EA150F1-F27F-4FC3-AED9-6CD268406C7D}.Debug|Any CPU.ActiveCfg = Debug|Any CPU
		{6EA150F1-F27F-4FC3-AED9-6CD268406C7D}.Debug|Any CPU.Build.0 = Debug|Any CPU
		{6EA150F1-F27F-4FC3-AED9-6CD268406C7D}.Release|Any CPU.ActiveCfg = Release|Any CPU
		{6EA150F1-F27F-4FC3-AED9-6CD268406C7D}.Release|Any CPU.Build.0 = Release|Any CPU
	EndGlobalSection
	GlobalSection(SolutionProperties) = preSolution
		HideSolutionNode = FALSE
	EndGlobalSection
	GlobalSection(ExtensibilityGlobals) = postSolution
		SolutionGuid = {5C8750F7-F60A-4225-8CDA-FFDBD19A2AFC}
	EndGlobalSection
EndGlobal
